rules:
- id: detected-pgp-private-key-block
  pattern-regex: '-----BEGIN PGP PRIVATE KEY BLOCK-----'
  languages: [regex]
  message: PGP private key block detected
  severity: ERROR
  metadata:
    owasp:
    - AA03:2017:2017 - Sensitive Data Exposure
    source-rule-url: https://github.com/dxa4481/truffleHogRegexes/blob/master/truffleHogRegexes/regexes.json
    category: security
    technology:
    - secrets
