rules:
- id: detected-pgp-private-key-block
  languages:
  - regex
  message: PGP private key block detected
  metadata:
    category: security
    confidence: MEDIUM
    cwe: "CWE-798: Use of Hard-coded Credentials"
    source-rule-url: https://github.com/dxa4481/truffleHogRegexes/blob/master/truffleHogRegexes/regexes.json
    technology:
    - secrets
  pattern-regex: '-----BEGIN PGP PRIVATE KEY BLOCK-----'
  severity: ERROR
